<?xml version="1.0" encoding="utf-8"?>
<Project ToolsVersion="4.0" xmlns="http://schemas.microsoft.com/developer/msbuild/2003">
  <ItemGroup>
    <Filter Include="model">
      <UniqueIdentifier>{65cb34f9-4a34-4d56-8485-a261fa4aff79}</UniqueIdentifier>
    </Filter>
    <Filter Include="helper">
      <UniqueIdentifier>{47c1b3ca-82e5-4731-926c-9eb81531c833}</UniqueIdentifier>
    </Filter>
  </ItemGroup>
  <ItemGroup>
    <ClCompile Include="..\..\src\openflow\model\openflow-interface.cc">
      <Filter>model</Filter>
    </ClCompile>
    <ClCompile Include="..\..\src\openflow\model\openflow-switch-net-device.cc">
      <Filter>model</Filter>
    </ClCompile>
    <ClCompile Include="..\..\src\openflow\helper\openflow-switch-helper.cc">
      <Filter>helper</Filter>
    </ClCompile>
  </ItemGroup>
  <ItemGroup>
    <ClInclude Include="..\..\src\openflow\model\openflow-interface.h">
      <Filter>model</Filter>
    </ClInclude>
    <ClInclude Include="..\..\src\openflow\model\openflow-switch-net-device.h">
      <Filter>model</Filter>
    </ClInclude>
    <ClInclude Include="..\..\src\openflow\helper\openflow-switch-helper.h">
      <Filter>helper</Filter>
    </ClInclude>
  </ItemGroup>
</Project>