<?xml version="1.0" encoding="utf-8"?>
<Project ToolsVersion="4.0" xmlns="http://schemas.microsoft.com/developer/msbuild/2003">
  <ItemGroup>
    <Filter Include="model">
      <UniqueIdentifier>{eb059677-7732-41c7-bc60-8a5f3e4b5b6c}</UniqueIdentifier>
    </Filter>
    <Filter Include="helper">
      <UniqueIdentifier>{5fb4f235-f028-4565-98c2-49b5abbaddb1}</UniqueIdentifier>
    </Filter>
  </ItemGroup>
  <ItemGroup>
    <ClCompile Include="..\..\src\point-to-point\model\point-to-point-channel.cc">
      <Filter>model</Filter>
    </ClCompile>
    <ClCompile Include="..\..\src\point-to-point\model\point-to-point-net-device.cc">
      <Filter>model</Filter>
    </ClCompile>
    <ClCompile Include="..\..\src\point-to-point\model\point-to-point-remote-channel.cc">
      <Filter>model</Filter>
    </ClCompile>
    <ClCompile Include="..\..\src\point-to-point\model\ppp-header.cc">
      <Filter>model</Filter>
    </ClCompile>
    <ClCompile Include="..\..\src\point-to-point\helper\point-to-point-helper.cc">
      <Filter>helper</Filter>
    </ClCompile>
  </ItemGroup>
  <ItemGroup>
    <ClInclude Include="..\..\src\point-to-point\model\point-to-point-channel.h">
      <Filter>model</Filter>
    </ClInclude>
    <ClInclude Include="..\..\src\point-to-point\model\point-to-point-net-device.h">
      <Filter>model</Filter>
    </ClInclude>
    <ClInclude Include="..\..\src\point-to-point\model\point-to-point-remote-channel.h">
      <Filter>model</Filter>
    </ClInclude>
    <ClInclude Include="..\..\src\point-to-point\model\ppp-header.h">
      <Filter>model</Filter>
    </ClInclude>
    <ClInclude Include="..\..\src\point-to-point\helper\point-to-point-helper.h">
      <Filter>helper</Filter>
    </ClInclude>
  </ItemGroup>
</Project>