<?xml version="1.0" encoding="utf-8"?>
<Project ToolsVersion="4.0" xmlns="http://schemas.microsoft.com/developer/msbuild/2003">
  <ItemGroup>
    <Filter Include="model">
      <UniqueIdentifier>{8638b7a5-dc16-4fa1-b2f7-60ee2fb72a45}</UniqueIdentifier>
    </Filter>
    <Filter Include="helper">
      <UniqueIdentifier>{5a153013-1988-43a0-8261-472dc7aebed0}</UniqueIdentifier>
    </Filter>
  </ItemGroup>
  <ItemGroup>
    <ClCompile Include="..\..\src\netanim\model\animation-interface.cc">
      <Filter>model</Filter>
    </ClCompile>
    <ClCompile Include="..\..\src\netanim\helper\animation-interface-helper.cc">
      <Filter>helper</Filter>
    </ClCompile>
  </ItemGroup>
  <ItemGroup>
    <ClInclude Include="..\..\src\netanim\model\animation-interface.h">
      <Filter>model</Filter>
    </ClInclude>
    <ClInclude Include="..\..\src\netanim\helper\animation-interface-helper.h">
      <Filter>helper</Filter>
    </ClInclude>
  </ItemGroup>
</Project>