<?xml version="1.0" encoding="utf-8"?>
<Project ToolsVersion="4.0" xmlns="http://schemas.microsoft.com/developer/msbuild/2003">
  <ItemGroup>
    <Filter Include="model">
      <UniqueIdentifier>{7ae96539-318e-48e8-aadf-2582f3c158dc}</UniqueIdentifier>
    </Filter>
    <Filter Include="helper">
      <UniqueIdentifier>{bf429542-9463-4088-b380-eaa9a10330f3}</UniqueIdentifier>
    </Filter>
  </ItemGroup>
  <ItemGroup>
    <ClCompile Include="..\..\src\csma\model\backoff.cc">
      <Filter>model</Filter>
    </ClCompile>
    <ClCompile Include="..\..\src\csma\model\csma-channel.cc">
      <Filter>model</Filter>
    </ClCompile>
    <ClCompile Include="..\..\src\csma\model\csma-net-device.cc">
      <Filter>model</Filter>
    </ClCompile>
    <ClCompile Include="..\..\src\csma\helper\csma-helper.cc">
      <Filter>helper</Filter>
    </ClCompile>
  </ItemGroup>
  <ItemGroup>
    <ClInclude Include="..\..\src\csma\model\backoff.h">
      <Filter>model</Filter>
    </ClInclude>
    <ClInclude Include="..\..\src\csma\model\csma-channel.h">
      <Filter>model</Filter>
    </ClInclude>
    <ClInclude Include="..\..\src\csma\model\csma-net-device.h">
      <Filter>model</Filter>
    </ClInclude>
    <ClInclude Include="..\..\src\csma\helper\csma-helper.h">
      <Filter>helper</Filter>
    </ClInclude>
  </ItemGroup>
</Project>