
Microsoft Visual Studio Solution File, Format Version 11.00
# Visual Studio 2010
Project("{8BC9CEB8-8B4A-11D0-8D11-00A0C91BC942}") = "core", "ns-3-dev-src\ns-3-dev-src.vcxproj", "{AF3343A1-6DFA-4732-995B-AAAEE638CFEC}"
	ProjectSection(ProjectDependencies) = postProject
		{70AB25C5-FA05-446E-A946-2F1A506895CC} = {70AB25C5-FA05-446E-A946-2F1A506895CC}
	EndProjectSection
EndProject
Project("{8BC9CEB8-8B4A-11D0-8D11-00A0C91BC942}") = "aodv", "aodv\aodv.vcxproj", "{073FC0FA-90F6-44C7-AAAA-A442C49A0857}"
	ProjectSection(ProjectDependencies) = postProject
		{70AB25C5-FA05-446E-A946-2F1A506895CC} = {70AB25C5-FA05-446E-A946-2F1A506895CC}
	EndProjectSection
EndProject
Project("{8BC9CEB8-8B4A-11D0-8D11-00A0C91BC942}") = "winport", "winport\winport.vcxproj", "{69145BCE-74D1-49ED-AE0A-DE0558FC65D1}"
EndProject
Project("{8BC9CEB8-8B4A-11D0-8D11-00A0C91BC942}") = "application", "application\application.vcxproj", "{9E19C549-B089-41D2-B71A-6313C50CF47D}"
EndProject
Project("{8BC9CEB8-8B4A-11D0-8D11-00A0C91BC942}") = "bridge", "bridge\bridge.vcxproj", "{14F42F50-34C2-424E-A5FA-701C587A2036}"
EndProject
Project("{8BC9CEB8-8B4A-11D0-8D11-00A0C91BC942}") = "click", "click\click.vcxproj", "{EAA5F494-6AB1-4BC1-923D-371C56527617}"
EndProject
Project("{8BC9CEB8-8B4A-11D0-8D11-00A0C91BC942}") = "csma", "csma\csma.vcxproj", "{842C88CA-1790-4E1C-8484-443AAA1DB511}"
EndProject
Project("{8BC9CEB8-8B4A-11D0-8D11-00A0C91BC942}") = "csma-layout", "csma-layout\csma-layout.vcxproj", "{AAAD49B2-C714-44B8-8F39-C2F3EF5209B9}"
EndProject
Project("{8BC9CEB8-8B4A-11D0-8D11-00A0C91BC942}") = "dsdv", "dsdv\dsdv.vcxproj", "{2155F9A9-8F95-4397-B251-26C330CC3077}"
EndProject
Project("{8BC9CEB8-8B4A-11D0-8D11-00A0C91BC942}") = "flow-monitor", "flow-monitor\flow-monitor.vcxproj", "{3756288C-724A-4420-AE8D-CCA04D40F18B}"
EndProject
Project("{8BC9CEB8-8B4A-11D0-8D11-00A0C91BC942}") = "energy", "energy\energy.vcxproj", "{5F653407-4DD7-4FC5-9E7D-84D3442FBB56}"
EndProject
Project("{8BC9CEB8-8B4A-11D0-8D11-00A0C91BC942}") = "internet", "internet\internet.vcxproj", "{47A5A292-A72F-4C3F-B984-D6074C46857E}"
EndProject
Project("{8BC9CEB8-8B4A-11D0-8D11-00A0C91BC942}") = "lte", "lte\lte.vcxproj", "{F6B993B6-FBE8-4D5F-A931-5354D89BD818}"
EndProject
Project("{8BC9CEB8-8B4A-11D0-8D11-00A0C91BC942}") = "mesh", "mesh\mesh.vcxproj", "{ADA4BC2D-8DE9-48ED-8622-870A1BFE0719}"
EndProject
Project("{8BC9CEB8-8B4A-11D0-8D11-00A0C91BC942}") = "mobility", "mobility\mobility.vcxproj", "{B41D47E3-4615-44F8-B626-9DEC34DA070F}"
EndProject
Project("{8BC9CEB8-8B4A-11D0-8D11-00A0C91BC942}") = "mpi", "mpi\mpi.vcxproj", "{C9B0EC8A-0FCC-4697-9510-61A75BF255E7}"
EndProject
Project("{8BC9CEB8-8B4A-11D0-8D11-00A0C91BC942}") = "netanim", "netanim\netanim.vcxproj", "{018CF78B-93DC-49CE-B8AC-9ABD0F5EDA1C}"
	ProjectSection(ProjectDependencies) = postProject
		{70AB25C5-FA05-446E-A946-2F1A506895CC} = {70AB25C5-FA05-446E-A946-2F1A506895CC}
	EndProjectSection
EndProject
Project("{8BC9CEB8-8B4A-11D0-8D11-00A0C91BC942}") = "network", "network\network.vcxproj", "{0B4B0DFF-D01E-43F4-AD1E-406E4A714C19}"
EndProject
Project("{8BC9CEB8-8B4A-11D0-8D11-00A0C91BC942}") = "nix-vector-routing", "nix-vector-routing\nix-vector-routing.vcxproj", "{72369BB3-8BB3-4547-9D88-A5817726489A}"
EndProject
Project("{8BC9CEB8-8B4A-11D0-8D11-00A0C91BC942}") = "olsr", "olsr\olsr.vcxproj", "{3FF72B40-5E16-4869-86A3-E2C7CBF5F370}"
EndProject
Project("{8BC9CEB8-8B4A-11D0-8D11-00A0C91BC942}") = "point-to-point", "point-to-point\point-to-point.vcxproj", "{594255E5-9F44-4E24-A54C-F657F6E08E7C}"
EndProject
Project("{8BC9CEB8-8B4A-11D0-8D11-00A0C91BC942}") = "point-to-point-layout", "point-to-point-layout\point-to-point-layout.vcxproj", "{9F7DF658-E564-4C88-B67D-E3ECBC4A9DCA}"
EndProject
Project("{8BC9CEB8-8B4A-11D0-8D11-00A0C91BC942}") = "propagation", "propagation\propagation.vcxproj", "{CD637917-33E0-4745-9948-743ABA324224}"
EndProject
Project("{8BC9CEB8-8B4A-11D0-8D11-00A0C91BC942}") = "openflow", "openflow\openflow.vcxproj", "{525F4D80-C1EF-4AE8-9E1F-BE1F3CA2CE32}"
EndProject
Project("{8BC9CEB8-8B4A-11D0-8D11-00A0C91BC942}") = "spectrum", "spectrum\spectrum.vcxproj", "{CBECECA3-680B-45C8-BD7B-9C5589156A03}"
EndProject
Project("{8BC9CEB8-8B4A-11D0-8D11-00A0C91BC942}") = "stats", "stats\stats.vcxproj", "{3D70D22A-C19B-4BF0-B173-44D909AB18A7}"
EndProject
Project("{8BC9CEB8-8B4A-11D0-8D11-00A0C91BC942}") = "tools", "tools\tools.vcxproj", "{D74862E1-B05D-4394-AFBA-D685EE506544}"
EndProject
Project("{8BC9CEB8-8B4A-11D0-8D11-00A0C91BC942}") = "topology-read", "topology-read\topology-read.vcxproj", "{8EA4DD9A-F087-4560-9DE8-A92445A0B75F}"
EndProject
Project("{8BC9CEB8-8B4A-11D0-8D11-00A0C91BC942}") = "uan", "uan\uan.vcxproj", "{35B35142-1D65-4A7F-B44D-28FBB1C8E16B}"
EndProject
Project("{8BC9CEB8-8B4A-11D0-8D11-00A0C91BC942}") = "virtual-net-device", "virtual-net-device\virtual-net-device.vcxproj", "{B37240E6-CCA9-4B96-B8A6-57D1FCABA483}"
EndProject
Project("{8BC9CEB8-8B4A-11D0-8D11-00A0C91BC942}") = "wifi", "wifi\wifi.vcxproj", "{F55D9BEF-A1E6-49BC-BCF1-6F7FD4A14690}"
EndProject
Project("{8BC9CEB8-8B4A-11D0-8D11-00A0C91BC942}") = "wimax", "wimax\wimax.vcxproj", "{FA0F22F3-AD1E-400A-8B43-8D14248538BB}"
EndProject
Project("{8BC9CEB8-8B4A-11D0-8D11-00A0C91BC942}") = "MyExample", "MyExample\MyExample.vcxproj", "{C46B1564-B792-41A7-BF12-66DC5B5AB5E4}"
	ProjectSection(ProjectDependencies) = postProject
		{5F653407-4DD7-4FC5-9E7D-84D3442FBB56} = {5F653407-4DD7-4FC5-9E7D-84D3442FBB56}
		{CD637917-33E0-4745-9948-743ABA324224} = {CD637917-33E0-4745-9948-743ABA324224}
		{3D70D22A-C19B-4BF0-B173-44D909AB18A7} = {3D70D22A-C19B-4BF0-B173-44D909AB18A7}
		{ADA4BC2D-8DE9-48ED-8622-870A1BFE0719} = {ADA4BC2D-8DE9-48ED-8622-870A1BFE0719}
		{3FF72B40-5E16-4869-86A3-E2C7CBF5F370} = {3FF72B40-5E16-4869-86A3-E2C7CBF5F370}
		{35B35142-1D65-4A7F-B44D-28FBB1C8E16B} = {35B35142-1D65-4A7F-B44D-28FBB1C8E16B}
		{9E19C549-B089-41D2-B71A-6313C50CF47D} = {9E19C549-B089-41D2-B71A-6313C50CF47D}
		{14F42F50-34C2-424E-A5FA-701C587A2036} = {14F42F50-34C2-424E-A5FA-701C587A2036}
		{9F7DF658-E564-4C88-B67D-E3ECBC4A9DCA} = {9F7DF658-E564-4C88-B67D-E3ECBC4A9DCA}
		{525F4D80-C1EF-4AE8-9E1F-BE1F3CA2CE32} = {525F4D80-C1EF-4AE8-9E1F-BE1F3CA2CE32}
		{C9B0EC8A-0FCC-4697-9510-61A75BF255E7} = {C9B0EC8A-0FCC-4697-9510-61A75BF255E7}
		{018CF78B-93DC-49CE-B8AC-9ABD0F5EDA1C} = {018CF78B-93DC-49CE-B8AC-9ABD0F5EDA1C}
		{3756288C-724A-4420-AE8D-CCA04D40F18B} = {3756288C-724A-4420-AE8D-CCA04D40F18B}
		{47A5A292-A72F-4C3F-B984-D6074C46857E} = {47A5A292-A72F-4C3F-B984-D6074C46857E}
		{EAA5F494-6AB1-4BC1-923D-371C56527617} = {EAA5F494-6AB1-4BC1-923D-371C56527617}
		{8EA4DD9A-F087-4560-9DE8-A92445A0B75F} = {8EA4DD9A-F087-4560-9DE8-A92445A0B75F}
		{AF3343A1-6DFA-4732-995B-AAAEE638CFEC} = {AF3343A1-6DFA-4732-995B-AAAEE638CFEC}
		{CBECECA3-680B-45C8-BD7B-9C5589156A03} = {CBECECA3-680B-45C8-BD7B-9C5589156A03}
		{2155F9A9-8F95-4397-B251-26C330CC3077} = {2155F9A9-8F95-4397-B251-26C330CC3077}
		{AAAD49B2-C714-44B8-8F39-C2F3EF5209B9} = {AAAD49B2-C714-44B8-8F39-C2F3EF5209B9}
		{72369BB3-8BB3-4547-9D88-A5817726489A} = {72369BB3-8BB3-4547-9D88-A5817726489A}
		{F6B993B6-FBE8-4D5F-A931-5354D89BD818} = {F6B993B6-FBE8-4D5F-A931-5354D89BD818}
		{842C88CA-1790-4E1C-8484-443AAA1DB511} = {842C88CA-1790-4E1C-8484-443AAA1DB511}
		{69145BCE-74D1-49ED-AE0A-DE0558FC65D1} = {69145BCE-74D1-49ED-AE0A-DE0558FC65D1}
		{D74862E1-B05D-4394-AFBA-D685EE506544} = {D74862E1-B05D-4394-AFBA-D685EE506544}
		{B41D47E3-4615-44F8-B626-9DEC34DA070F} = {B41D47E3-4615-44F8-B626-9DEC34DA070F}
		{594255E5-9F44-4E24-A54C-F657F6E08E7C} = {594255E5-9F44-4E24-A54C-F657F6E08E7C}
		{B37240E6-CCA9-4B96-B8A6-57D1FCABA483} = {B37240E6-CCA9-4B96-B8A6-57D1FCABA483}
		{F55D9BEF-A1E6-49BC-BCF1-6F7FD4A14690} = {F55D9BEF-A1E6-49BC-BCF1-6F7FD4A14690}
		{FA0F22F3-AD1E-400A-8B43-8D14248538BB} = {FA0F22F3-AD1E-400A-8B43-8D14248538BB}
		{073FC0FA-90F6-44C7-AAAA-A442C49A0857} = {073FC0FA-90F6-44C7-AAAA-A442C49A0857}
		{0B4B0DFF-D01E-43F4-AD1E-406E4A714C19} = {0B4B0DFF-D01E-43F4-AD1E-406E4A714C19}
	EndProjectSection
EndProject
Project("{8BC9CEB8-8B4A-11D0-8D11-00A0C91BC942}") = "InstallHeaders", "InstallHeaders\InstallHeaders.vcxproj", "{70AB25C5-FA05-446E-A946-2F1A506895CC}"
EndProject
Global
	GlobalSection(SolutionConfigurationPlatforms) = preSolution
		Debug|Win32 = Debug|Win32
		Release|Win32 = Release|Win32
	EndGlobalSection
	GlobalSection(ProjectConfigurationPlatforms) = postSolution
		{AF3343A1-6DFA-4732-995B-AAAEE638CFEC}.Debug|Win32.ActiveCfg = Debug|Win32
		{AF3343A1-6DFA-4732-995B-AAAEE638CFEC}.Debug|Win32.Build.0 = Debug|Win32
		{AF3343A1-6DFA-4732-995B-AAAEE638CFEC}.Release|Win32.ActiveCfg = Release|Win32
		{AF3343A1-6DFA-4732-995B-AAAEE638CFEC}.Release|Win32.Build.0 = Release|Win32
		{073FC0FA-90F6-44C7-AAAA-A442C49A0857}.Debug|Win32.ActiveCfg = Debug|Win32
		{073FC0FA-90F6-44C7-AAAA-A442C49A0857}.Debug|Win32.Build.0 = Debug|Win32
		{073FC0FA-90F6-44C7-AAAA-A442C49A0857}.Release|Win32.ActiveCfg = Release|Win32
		{073FC0FA-90F6-44C7-AAAA-A442C49A0857}.Release|Win32.Build.0 = Release|Win32
		{69145BCE-74D1-49ED-AE0A-DE0558FC65D1}.Debug|Win32.ActiveCfg = Debug|Win32
		{69145BCE-74D1-49ED-AE0A-DE0558FC65D1}.Debug|Win32.Build.0 = Debug|Win32
		{69145BCE-74D1-49ED-AE0A-DE0558FC65D1}.Release|Win32.ActiveCfg = Release|Win32
		{69145BCE-74D1-49ED-AE0A-DE0558FC65D1}.Release|Win32.Build.0 = Release|Win32
		{9E19C549-B089-41D2-B71A-6313C50CF47D}.Debug|Win32.ActiveCfg = Debug|Win32
		{9E19C549-B089-41D2-B71A-6313C50CF47D}.Debug|Win32.Build.0 = Debug|Win32
		{9E19C549-B089-41D2-B71A-6313C50CF47D}.Release|Win32.ActiveCfg = Release|Win32
		{9E19C549-B089-41D2-B71A-6313C50CF47D}.Release|Win32.Build.0 = Release|Win32
		{14F42F50-34C2-424E-A5FA-701C587A2036}.Debug|Win32.ActiveCfg = Debug|Win32
		{14F42F50-34C2-424E-A5FA-701C587A2036}.Debug|Win32.Build.0 = Debug|Win32
		{14F42F50-34C2-424E-A5FA-701C587A2036}.Release|Win32.ActiveCfg = Release|Win32
		{14F42F50-34C2-424E-A5FA-701C587A2036}.Release|Win32.Build.0 = Release|Win32
		{EAA5F494-6AB1-4BC1-923D-371C56527617}.Debug|Win32.ActiveCfg = Debug|Win32
		{EAA5F494-6AB1-4BC1-923D-371C56527617}.Debug|Win32.Build.0 = Debug|Win32
		{EAA5F494-6AB1-4BC1-923D-371C56527617}.Release|Win32.ActiveCfg = Release|Win32
		{EAA5F494-6AB1-4BC1-923D-371C56527617}.Release|Win32.Build.0 = Release|Win32
		{842C88CA-1790-4E1C-8484-443AAA1DB511}.Debug|Win32.ActiveCfg = Debug|Win32
		{842C88CA-1790-4E1C-8484-443AAA1DB511}.Debug|Win32.Build.0 = Debug|Win32
		{842C88CA-1790-4E1C-8484-443AAA1DB511}.Release|Win32.ActiveCfg = Release|Win32
		{842C88CA-1790-4E1C-8484-443AAA1DB511}.Release|Win32.Build.0 = Release|Win32
		{AAAD49B2-C714-44B8-8F39-C2F3EF5209B9}.Debug|Win32.ActiveCfg = Debug|Win32
		{AAAD49B2-C714-44B8-8F39-C2F3EF5209B9}.Debug|Win32.Build.0 = Debug|Win32
		{AAAD49B2-C714-44B8-8F39-C2F3EF5209B9}.Release|Win32.ActiveCfg = Release|Win32
		{AAAD49B2-C714-44B8-8F39-C2F3EF5209B9}.Release|Win32.Build.0 = Release|Win32
		{2155F9A9-8F95-4397-B251-26C330CC3077}.Debug|Win32.ActiveCfg = Debug|Win32
		{2155F9A9-8F95-4397-B251-26C330CC3077}.Debug|Win32.Build.0 = Debug|Win32
		{2155F9A9-8F95-4397-B251-26C330CC3077}.Release|Win32.ActiveCfg = Release|Win32
		{2155F9A9-8F95-4397-B251-26C330CC3077}.Release|Win32.Build.0 = Release|Win32
		{3756288C-724A-4420-AE8D-CCA04D40F18B}.Debug|Win32.ActiveCfg = Debug|Win32
		{3756288C-724A-4420-AE8D-CCA04D40F18B}.Debug|Win32.Build.0 = Debug|Win32
		{3756288C-724A-4420-AE8D-CCA04D40F18B}.Release|Win32.ActiveCfg = Release|Win32
		{3756288C-724A-4420-AE8D-CCA04D40F18B}.Release|Win32.Build.0 = Release|Win32
		{5F653407-4DD7-4FC5-9E7D-84D3442FBB56}.Debug|Win32.ActiveCfg = Debug|Win32
		{5F653407-4DD7-4FC5-9E7D-84D3442FBB56}.Debug|Win32.Build.0 = Debug|Win32
		{5F653407-4DD7-4FC5-9E7D-84D3442FBB56}.Release|Win32.ActiveCfg = Release|Win32
		{5F653407-4DD7-4FC5-9E7D-84D3442FBB56}.Release|Win32.Build.0 = Release|Win32
		{47A5A292-A72F-4C3F-B984-D6074C46857E}.Debug|Win32.ActiveCfg = Debug|Win32
		{47A5A292-A72F-4C3F-B984-D6074C46857E}.Debug|Win32.Build.0 = Debug|Win32
		{47A5A292-A72F-4C3F-B984-D6074C46857E}.Release|Win32.ActiveCfg = Release|Win32
		{47A5A292-A72F-4C3F-B984-D6074C46857E}.Release|Win32.Build.0 = Release|Win32
		{F6B993B6-FBE8-4D5F-A931-5354D89BD818}.Debug|Win32.ActiveCfg = Debug|Win32
		{F6B993B6-FBE8-4D5F-A931-5354D89BD818}.Debug|Win32.Build.0 = Debug|Win32
		{F6B993B6-FBE8-4D5F-A931-5354D89BD818}.Release|Win32.ActiveCfg = Release|Win32
		{F6B993B6-FBE8-4D5F-A931-5354D89BD818}.Release|Win32.Build.0 = Release|Win32
		{ADA4BC2D-8DE9-48ED-8622-870A1BFE0719}.Debug|Win32.ActiveCfg = Debug|Win32
		{ADA4BC2D-8DE9-48ED-8622-870A1BFE0719}.Debug|Win32.Build.0 = Debug|Win32
		{ADA4BC2D-8DE9-48ED-8622-870A1BFE0719}.Release|Win32.ActiveCfg = Release|Win32
		{ADA4BC2D-8DE9-48ED-8622-870A1BFE0719}.Release|Win32.Build.0 = Release|Win32
		{B41D47E3-4615-44F8-B626-9DEC34DA070F}.Debug|Win32.ActiveCfg = Debug|Win32
		{B41D47E3-4615-44F8-B626-9DEC34DA070F}.Debug|Win32.Build.0 = Debug|Win32
		{B41D47E3-4615-44F8-B626-9DEC34DA070F}.Release|Win32.ActiveCfg = Release|Win32
		{B41D47E3-4615-44F8-B626-9DEC34DA070F}.Release|Win32.Build.0 = Release|Win32
		{C9B0EC8A-0FCC-4697-9510-61A75BF255E7}.Debug|Win32.ActiveCfg = Debug|Win32
		{C9B0EC8A-0FCC-4697-9510-61A75BF255E7}.Debug|Win32.Build.0 = Debug|Win32
		{C9B0EC8A-0FCC-4697-9510-61A75BF255E7}.Release|Win32.ActiveCfg = Release|Win32
		{C9B0EC8A-0FCC-4697-9510-61A75BF255E7}.Release|Win32.Build.0 = Release|Win32
		{018CF78B-93DC-49CE-B8AC-9ABD0F5EDA1C}.Debug|Win32.ActiveCfg = Debug|Win32
		{018CF78B-93DC-49CE-B8AC-9ABD0F5EDA1C}.Debug|Win32.Build.0 = Debug|Win32
		{018CF78B-93DC-49CE-B8AC-9ABD0F5EDA1C}.Release|Win32.ActiveCfg = Release|Win32
		{018CF78B-93DC-49CE-B8AC-9ABD0F5EDA1C}.Release|Win32.Build.0 = Release|Win32
		{0B4B0DFF-D01E-43F4-AD1E-406E4A714C19}.Debug|Win32.ActiveCfg = Debug|Win32
		{0B4B0DFF-D01E-43F4-AD1E-406E4A714C19}.Debug|Win32.Build.0 = Debug|Win32
		{0B4B0DFF-D01E-43F4-AD1E-406E4A714C19}.Release|Win32.ActiveCfg = Release|Win32
		{0B4B0DFF-D01E-43F4-AD1E-406E4A714C19}.Release|Win32.Build.0 = Release|Win32
		{72369BB3-8BB3-4547-9D88-A5817726489A}.Debug|Win32.ActiveCfg = Debug|Win32
		{72369BB3-8BB3-4547-9D88-A5817726489A}.Debug|Win32.Build.0 = Debug|Win32
		{72369BB3-8BB3-4547-9D88-A5817726489A}.Release|Win32.ActiveCfg = Release|Win32
		{72369BB3-8BB3-4547-9D88-A5817726489A}.Release|Win32.Build.0 = Release|Win32
		{3FF72B40-5E16-4869-86A3-E2C7CBF5F370}.Debug|Win32.ActiveCfg = Debug|Win32
		{3FF72B40-5E16-4869-86A3-E2C7CBF5F370}.Debug|Win32.Build.0 = Debug|Win32
		{3FF72B40-5E16-4869-86A3-E2C7CBF5F370}.Release|Win32.ActiveCfg = Release|Win32
		{3FF72B40-5E16-4869-86A3-E2C7CBF5F370}.Release|Win32.Build.0 = Release|Win32
		{594255E5-9F44-4E24-A54C-F657F6E08E7C}.Debug|Win32.ActiveCfg = Debug|Win32
		{594255E5-9F44-4E24-A54C-F657F6E08E7C}.Debug|Win32.Build.0 = Debug|Win32
		{594255E5-9F44-4E24-A54C-F657F6E08E7C}.Release|Win32.ActiveCfg = Release|Win32
		{594255E5-9F44-4E24-A54C-F657F6E08E7C}.Release|Win32.Build.0 = Release|Win32
		{9F7DF658-E564-4C88-B67D-E3ECBC4A9DCA}.Debug|Win32.ActiveCfg = Debug|Win32
		{9F7DF658-E564-4C88-B67D-E3ECBC4A9DCA}.Debug|Win32.Build.0 = Debug|Win32
		{9F7DF658-E564-4C88-B67D-E3ECBC4A9DCA}.Release|Win32.ActiveCfg = Release|Win32
		{9F7DF658-E564-4C88-B67D-E3ECBC4A9DCA}.Release|Win32.Build.0 = Release|Win32
		{CD637917-33E0-4745-9948-743ABA324224}.Debug|Win32.ActiveCfg = Debug|Win32
		{CD637917-33E0-4745-9948-743ABA324224}.Debug|Win32.Build.0 = Debug|Win32
		{CD637917-33E0-4745-9948-743ABA324224}.Release|Win32.ActiveCfg = Release|Win32
		{CD637917-33E0-4745-9948-743ABA324224}.Release|Win32.Build.0 = Release|Win32
		{525F4D80-C1EF-4AE8-9E1F-BE1F3CA2CE32}.Debug|Win32.ActiveCfg = Debug|Win32
		{525F4D80-C1EF-4AE8-9E1F-BE1F3CA2CE32}.Debug|Win32.Build.0 = Debug|Win32
		{525F4D80-C1EF-4AE8-9E1F-BE1F3CA2CE32}.Release|Win32.ActiveCfg = Release|Win32
		{525F4D80-C1EF-4AE8-9E1F-BE1F3CA2CE32}.Release|Win32.Build.0 = Release|Win32
		{CBECECA3-680B-45C8-BD7B-9C5589156A03}.Debug|Win32.ActiveCfg = Debug|Win32
		{CBECECA3-680B-45C8-BD7B-9C5589156A03}.Debug|Win32.Build.0 = Debug|Win32
		{CBECECA3-680B-45C8-BD7B-9C5589156A03}.Release|Win32.ActiveCfg = Release|Win32
		{CBECECA3-680B-45C8-BD7B-9C5589156A03}.Release|Win32.Build.0 = Release|Win32
		{3D70D22A-C19B-4BF0-B173-44D909AB18A7}.Debug|Win32.ActiveCfg = Debug|Win32
		{3D70D22A-C19B-4BF0-B173-44D909AB18A7}.Debug|Win32.Build.0 = Debug|Win32
		{3D70D22A-C19B-4BF0-B173-44D909AB18A7}.Release|Win32.ActiveCfg = Release|Win32
		{3D70D22A-C19B-4BF0-B173-44D909AB18A7}.Release|Win32.Build.0 = Release|Win32
		{D74862E1-B05D-4394-AFBA-D685EE506544}.Debug|Win32.ActiveCfg = Debug|Win32
		{D74862E1-B05D-4394-AFBA-D685EE506544}.Debug|Win32.Build.0 = Debug|Win32
		{D74862E1-B05D-4394-AFBA-D685EE506544}.Release|Win32.ActiveCfg = Release|Win32
		{D74862E1-B05D-4394-AFBA-D685EE506544}.Release|Win32.Build.0 = Release|Win32
		{8EA4DD9A-F087-4560-9DE8-A92445A0B75F}.Debug|Win32.ActiveCfg = Debug|Win32
		{8EA4DD9A-F087-4560-9DE8-A92445A0B75F}.Debug|Win32.Build.0 = Debug|Win32
		{8EA4DD9A-F087-4560-9DE8-A92445A0B75F}.Release|Win32.ActiveCfg = Release|Win32
		{8EA4DD9A-F087-4560-9DE8-A92445A0B75F}.Release|Win32.Build.0 = Release|Win32
		{35B35142-1D65-4A7F-B44D-28FBB1C8E16B}.Debug|Win32.ActiveCfg = Debug|Win32
		{35B35142-1D65-4A7F-B44D-28FBB1C8E16B}.Debug|Win32.Build.0 = Debug|Win32
		{35B35142-1D65-4A7F-B44D-28FBB1C8E16B}.Release|Win32.ActiveCfg = Release|Win32
		{35B35142-1D65-4A7F-B44D-28FBB1C8E16B}.Release|Win32.Build.0 = Release|Win32
		{B37240E6-CCA9-4B96-B8A6-57D1FCABA483}.Debug|Win32.ActiveCfg = Debug|Win32
		{B37240E6-CCA9-4B96-B8A6-57D1FCABA483}.Debug|Win32.Build.0 = Debug|Win32
		{B37240E6-CCA9-4B96-B8A6-57D1FCABA483}.Release|Win32.ActiveCfg = Release|Win32
		{B37240E6-CCA9-4B96-B8A6-57D1FCABA483}.Release|Win32.Build.0 = Release|Win32
		{F55D9BEF-A1E6-49BC-BCF1-6F7FD4A14690}.Debug|Win32.ActiveCfg = Debug|Win32
		{F55D9BEF-A1E6-49BC-BCF1-6F7FD4A14690}.Debug|Win32.Build.0 = Debug|Win32
		{F55D9BEF-A1E6-49BC-BCF1-6F7FD4A14690}.Release|Win32.ActiveCfg = Release|Win32
		{F55D9BEF-A1E6-49BC-BCF1-6F7FD4A14690}.Release|Win32.Build.0 = Release|Win32
		{FA0F22F3-AD1E-400A-8B43-8D14248538BB}.Debug|Win32.ActiveCfg = Debug|Win32
		{FA0F22F3-AD1E-400A-8B43-8D14248538BB}.Debug|Win32.Build.0 = Debug|Win32
		{FA0F22F3-AD1E-400A-8B43-8D14248538BB}.Release|Win32.ActiveCfg = Release|Win32
		{FA0F22F3-AD1E-400A-8B43-8D14248538BB}.Release|Win32.Build.0 = Release|Win32
		{C46B1564-B792-41A7-BF12-66DC5B5AB5E4}.Debug|Win32.ActiveCfg = Debug|Win32
		{C46B1564-B792-41A7-BF12-66DC5B5AB5E4}.Debug|Win32.Build.0 = Debug|Win32
		{C46B1564-B792-41A7-BF12-66DC5B5AB5E4}.Release|Win32.ActiveCfg = Release|Win32
		{C46B1564-B792-41A7-BF12-66DC5B5AB5E4}.Release|Win32.Build.0 = Release|Win32
		{70AB25C5-FA05-446E-A946-2F1A506895CC}.Debug|Win32.ActiveCfg = Debug|Win32
		{70AB25C5-FA05-446E-A946-2F1A506895CC}.Debug|Win32.Build.0 = Debug|Win32
		{70AB25C5-FA05-446E-A946-2F1A506895CC}.Release|Win32.ActiveCfg = Release|Win32
		{70AB25C5-FA05-446E-A946-2F1A506895CC}.Release|Win32.Build.0 = Release|Win32
	EndGlobalSection
	GlobalSection(SolutionProperties) = preSolution
		HideSolutionNode = FALSE
	EndGlobalSection
EndGlobal
