<?xml version="1.0" encoding="utf-8"?>
<Project ToolsVersion="4.0" xmlns="http://schemas.microsoft.com/developer/msbuild/2003">
  <ItemGroup>
    <Filter Include="model">
      <UniqueIdentifier>{23058ca5-61d8-4eca-9894-df52294cb6b2}</UniqueIdentifier>
    </Filter>
  </ItemGroup>
  <ItemGroup>
    <ClInclude Include="..\..\src\stats\model\basic-data-calculators.h">
      <Filter>model</Filter>
    </ClInclude>
    <ClInclude Include="..\..\src\stats\model\data-calculator.h">
      <Filter>model</Filter>
    </ClInclude>
    <ClInclude Include="..\..\src\stats\model\data-collector.h">
      <Filter>model</Filter>
    </ClInclude>
    <ClInclude Include="..\..\src\stats\model\data-output-interface.h">
      <Filter>model</Filter>
    </ClInclude>
    <ClInclude Include="..\..\src\stats\model\omnet-data-output.h">
      <Filter>model</Filter>
    </ClInclude>
    <ClInclude Include="..\..\src\stats\model\packet-data-calculators.h">
      <Filter>model</Filter>
    </ClInclude>
    <ClInclude Include="..\..\src\stats\model\sqlite-data-output.h">
      <Filter>model</Filter>
    </ClInclude>
    <ClInclude Include="..\..\src\stats\model\time-data-calculators.h">
      <Filter>model</Filter>
    </ClInclude>
  </ItemGroup>
  <ItemGroup>
    <ClCompile Include="..\..\src\stats\model\data-calculator.cc">
      <Filter>model</Filter>
    </ClCompile>
    <ClCompile Include="..\..\src\stats\model\data-collector.cc">
      <Filter>model</Filter>
    </ClCompile>
    <ClCompile Include="..\..\src\stats\model\data-output-interface.cc">
      <Filter>model</Filter>
    </ClCompile>
    <ClCompile Include="..\..\src\stats\model\omnet-data-output.cc">
      <Filter>model</Filter>
    </ClCompile>
    <ClCompile Include="..\..\src\stats\model\packet-data-calculators.cc">
      <Filter>model</Filter>
    </ClCompile>
    <ClCompile Include="..\..\src\stats\model\time-data-calculators.cc">
      <Filter>model</Filter>
    </ClCompile>
  </ItemGroup>
</Project>